
Microsoft Visual Studio Solution File, Format Version 12.00
# Visual Studio Version 16
VisualStudioVersion = 16.0.32126.315
MinimumVisualStudioVersion = 10.0.40219.1
Project("{FAE04EC0-301F-11D3-BF4B-00C04F79EFBC}") = "SimpleCustomFrameApp.UWP", "SimpleCustomFrameApp\SimpleCustomFrameApp.UWP\SimpleCustomFrameApp.UWP.csproj", "{E07BDF56-D421-4585-B079-59780530C2B4}"
EndProject
Project("{FAE04EC0-301F-11D3-BF4B-00C04F79EFBC}") = "SimpleCustomFrameApp.Android", "SimpleCustomFrameApp\SimpleCustomFrameApp.Android\SimpleCustomFrameApp.Android.csproj", "{CBF942C1-9188-46E8-89BF-468CB05DECB0}"
EndProject
Project("{FAE04EC0-301F-11D3-BF4B-00C04F79EFBC}") = "SimpleCustomFrameApp.iOS", "SimpleCustomFrameApp\SimpleCustomFrameApp.iOS\SimpleCustomFrameApp.iOS.csproj", "{DF034532-3347-4CB7-8BB1-19DD098E7F0D}"
EndProject
Project("{FAE04EC0-301F-11D3-BF4B-00C04F79EFBC}") = "SimpleCustomFrameApp", "SimpleCustomFrameApp\SimpleCustomFrameApp\SimpleCustomFrameApp.csproj", "{C973A05D-D14F-42DF-A0A1-A09023C74DC3}"
EndProject
Global
	GlobalSection(SolutionConfigurationPlatforms) = preSolution
		Debug|Any CPU = Debug|Any CPU
		Debug|ARM = Debug|ARM
		Debug|iPhone = Debug|iPhone
		Debug|iPhoneSimulator = Debug|iPhoneSimulator
		Debug|x64 = Debug|x64
		Debug|x86 = Debug|x86
		Release|Any CPU = Release|Any CPU
		Release|ARM = Release|ARM
		Release|iPhone = Release|iPhone
		Release|iPhoneSimulator = Release|iPhoneSimulator
		Release|x64 = Release|x64
		Release|x86 = Release|x86
	EndGlobalSection
	GlobalSection(ProjectConfigurationPlatforms) = postSolution
		{E07BDF56-D421-4585-B079-59780530C2B4}.Debug|Any CPU.ActiveCfg = Debug|x86
		{E07BDF56-D421-4585-B079-59780530C2B4}.Debug|Any CPU.Build.0 = Debug|x86
		{E07BDF56-D421-4585-B079-59780530C2B4}.Debug|Any CPU.Deploy.0 = Debug|x86
		{E07BDF56-D421-4585-B079-59780530C2B4}.Debug|ARM.ActiveCfg = Debug|ARM
		{E07BDF56-D421-4585-B079-59780530C2B4}.Debug|ARM.Build.0 = Debug|ARM
		{E07BDF56-D421-4585-B079-59780530C2B4}.Debug|ARM.Deploy.0 = Debug|ARM
		{E07BDF56-D421-4585-B079-59780530C2B4}.Debug|iPhone.ActiveCfg = Debug|x86
		{E07BDF56-D421-4585-B079-59780530C2B4}.Debug|iPhone.Build.0 = Debug|x86
		{E07BDF56-D421-4585-B079-59780530C2B4}.Debug|iPhone.Deploy.0 = Debug|x86
		{E07BDF56-D421-4585-B079-59780530C2B4}.Debug|iPhoneSimulator.ActiveCfg = Debug|x86
		{E07BDF56-D421-4585-B079-59780530C2B4}.Debug|iPhoneSimulator.Build.0 = Debug|x86
		{E07BDF56-D421-4585-B079-59780530C2B4}.Debug|iPhoneSimulator.Deploy.0 = Debug|x86
		{E07BDF56-D421-4585-B079-59780530C2B4}.Debug|x64.ActiveCfg = Debug|x64
		{E07BDF56-D421-4585-B079-59780530C2B4}.Debug|x64.Build.0 = Debug|x64
		{E07BDF56-D421-4585-B079-59780530C2B4}.Debug|x64.Deploy.0 = Debug|x64
		{E07BDF56-D421-4585-B079-59780530C2B4}.Debug|x86.ActiveCfg = Debug|x86
		{E07BDF56-D421-4585-B079-59780530C2B4}.Debug|x86.Build.0 = Debug|x86
		{E07BDF56-D421-4585-B079-59780530C2B4}.Debug|x86.Deploy.0 = Debug|x86
		{E07BDF56-D421-4585-B079-59780530C2B4}.Release|Any CPU.ActiveCfg = Release|x86
		{E07BDF56-D421-4585-B079-59780530C2B4}.Release|Any CPU.Build.0 = Release|x86
		{E07BDF56-D421-4585-B079-59780530C2B4}.Release|Any CPU.Deploy.0 = Release|x86
		{E07BDF56-D421-4585-B079-59780530C2B4}.Release|ARM.ActiveCfg = Release|ARM
		{E07BDF56-D421-4585-B079-59780530C2B4}.Release|ARM.Build.0 = Release|ARM
		{E07BDF56-D421-4585-B079-59780530C2B4}.Release|ARM.Deploy.0 = Release|ARM
		{E07BDF56-D421-4585-B079-59780530C2B4}.Release|iPhone.ActiveCfg = Release|x86
		{E07BDF56-D421-4585-B079-59780530C2B4}.Release|iPhone.Build.0 = Release|x86
		{E07BDF56-D421-4585-B079-59780530C2B4}.Release|iPhone.Deploy.0 = Release|x86
		{E07BDF56-D421-4585-B079-59780530C2B4}.Release|iPhoneSimulator.ActiveCfg = Release|x86
		{E07BDF56-D421-4585-B079-59780530C2B4}.Release|iPhoneSimulator.Build.0 = Release|x86
		{E07BDF56-D421-4585-B079-59780530C2B4}.Release|iPhoneSimulator.Deploy.0 = Release|x86
		{E07BDF56-D421-4585-B079-59780530C2B4}.Release|x64.ActiveCfg = Release|x64
		{E07BDF56-D421-4585-B079-59780530C2B4}.Release|x64.Build.0 = Release|x64
		{E07BDF56-D421-4585-B079-59780530C2B4}.Release|x64.Deploy.0 = Release|x64
		{E07BDF56-D421-4585-B079-59780530C2B4}.Release|x86.ActiveCfg = Release|x86
		{E07BDF56-D421-4585-B079-59780530C2B4}.Release|x86.Build.0 = Release|x86
		{E07BDF56-D421-4585-B079-59780530C2B4}.Release|x86.Deploy.0 = Release|x86
		{CBF942C1-9188-46E8-89BF-468CB05DECB0}.Debug|Any CPU.ActiveCfg = Debug|Any CPU
		{CBF942C1-9188-46E8-89BF-468CB05DECB0}.Debug|Any CPU.Build.0 = Debug|Any CPU
		{CBF942C1-9188-46E8-89BF-468CB05DECB0}.Debug|Any CPU.Deploy.0 = Debug|Any CPU
		{CBF942C1-9188-46E8-89BF-468CB05DECB0}.Debug|ARM.ActiveCfg = Debug|Any CPU
		{CBF942C1-9188-46E8-89BF-468CB05DECB0}.Debug|ARM.Build.0 = Debug|Any CPU
		{CBF942C1-9188-46E8-89BF-468CB05DECB0}.Debug|ARM.Deploy.0 = Debug|Any CPU
		{CBF942C1-9188-46E8-89BF-468CB05DECB0}.Debug|iPhone.ActiveCfg = Debug|Any CPU
		{CBF942C1-9188-46E8-89BF-468CB05DECB0}.Debug|iPhone.Build.0 = Debug|Any CPU
		{CBF942C1-9188-46E8-89BF-468CB05DECB0}.Debug|iPhone.Deploy.0 = Debug|Any CPU
		{CBF942C1-9188-46E8-89BF-468CB05DECB0}.Debug|iPhoneSimulator.ActiveCfg = Debug|Any CPU
		{CBF942C1-9188-46E8-89BF-468CB05DECB0}.Debug|iPhoneSimulator.Build.0 = Debug|Any CPU
		{CBF942C1-9188-46E8-89BF-468CB05DECB0}.Debug|iPhoneSimulator.Deploy.0 = Debug|Any CPU
		{CBF942C1-9188-46E8-89BF-468CB05DECB0}.Debug|x64.ActiveCfg = Debug|Any CPU
		{CBF942C1-9188-46E8-89BF-468CB05DECB0}.Debug|x64.Build.0 = Debug|Any CPU
		{CBF942C1-9188-46E8-89BF-468CB05DECB0}.Debug|x64.Deploy.0 = Debug|Any CPU
		{CBF942C1-9188-46E8-89BF-468CB05DECB0}.Debug|x86.ActiveCfg = Debug|Any CPU
		{CBF942C1-9188-46E8-89BF-468CB05DECB0}.Debug|x86.Build.0 = Debug|Any CPU
		{CBF942C1-9188-46E8-89BF-468CB05DECB0}.Debug|x86.Deploy.0 = Debug|Any CPU
		{CBF942C1-9188-46E8-89BF-468CB05DECB0}.Release|Any CPU.ActiveCfg = Release|Any CPU
		{CBF942C1-9188-46E8-89BF-468CB05DECB0}.Release|Any CPU.Build.0 = Release|Any CPU
		{CBF942C1-9188-46E8-89BF-468CB05DECB0}.Release|Any CPU.Deploy.0 = Release|Any CPU
		{CBF942C1-9188-46E8-89BF-468CB05DECB0}.Release|ARM.ActiveCfg = Release|Any CPU
		{CBF942C1-9188-46E8-89BF-468CB05DECB0}.Release|ARM.Build.0 = Release|Any CPU
		{CBF942C1-9188-46E8-89BF-468CB05DECB0}.Release|ARM.Deploy.0 = Release|Any CPU
		{CBF942C1-9188-46E8-89BF-468CB05DECB0}.Release|iPhone.ActiveCfg = Release|Any CPU
		{CBF942C1-9188-46E8-89BF-468CB05DECB0}.Release|iPhone.Build.0 = Release|Any CPU
		{CBF942C1-9188-46E8-89BF-468CB05DECB0}.Release|iPhone.Deploy.0 = Release|Any CPU
		{CBF942C1-9188-46E8-89BF-468CB05DECB0}.Release|iPhoneSimulator.ActiveCfg = Release|Any CPU
		{CBF942C1-9188-46E8-89BF-468CB05DECB0}.Release|iPhoneSimulator.Build.0 = Release|Any CPU
		{CBF942C1-9188-46E8-89BF-468CB05DECB0}.Release|iPhoneSimulator.Deploy.0 = Release|Any CPU
		{CBF942C1-9188-46E8-89BF-468CB05DECB0}.Release|x64.ActiveCfg = Release|Any CPU
		{CBF942C1-9188-46E8-89BF-468CB05DECB0}.Release|x64.Build.0 = Release|Any CPU
		{CBF942C1-9188-46E8-89BF-468CB05DECB0}.Release|x64.Deploy.0 = Release|Any CPU
		{CBF942C1-9188-46E8-89BF-468CB05DECB0}.Release|x86.ActiveCfg = Release|Any CPU
		{CBF942C1-9188-46E8-89BF-468CB05DECB0}.Release|x86.Build.0 = Release|Any CPU
		{CBF942C1-9188-46E8-89BF-468CB05DECB0}.Release|x86.Deploy.0 = Release|Any CPU
		{DF034532-3347-4CB7-8BB1-19DD098E7F0D}.Debug|Any CPU.ActiveCfg = Debug|iPhoneSimulator
		{DF034532-3347-4CB7-8BB1-19DD098E7F0D}.Debug|Any CPU.Build.0 = Debug|iPhoneSimulator
		{DF034532-3347-4CB7-8BB1-19DD098E7F0D}.Debug|Any CPU.Deploy.0 = Debug|iPhoneSimulator
		{DF034532-3347-4CB7-8BB1-19DD098E7F0D}.Debug|ARM.ActiveCfg = Debug|iPhone
		{DF034532-3347-4CB7-8BB1-19DD098E7F0D}.Debug|ARM.Build.0 = Debug|iPhone
		{DF034532-3347-4CB7-8BB1-19DD098E7F0D}.Debug|ARM.Deploy.0 = Debug|iPhone
		{DF034532-3347-4CB7-8BB1-19DD098E7F0D}.Debug|iPhone.ActiveCfg = Debug|iPhone
		{DF034532-3347-4CB7-8BB1-19DD098E7F0D}.Debug|iPhone.Build.0 = Debug|iPhone
		{DF034532-3347-4CB7-8BB1-19DD098E7F0D}.Debug|iPhone.Deploy.0 = Debug|iPhone
		{DF034532-3347-4CB7-8BB1-19DD098E7F0D}.Debug|iPhoneSimulator.ActiveCfg = Debug|iPhoneSimulator
		{DF034532-3347-4CB7-8BB1-19DD098E7F0D}.Debug|iPhoneSimulator.Build.0 = Debug|iPhoneSimulator
		{DF034532-3347-4CB7-8BB1-19DD098E7F0D}.Debug|iPhoneSimulator.Deploy.0 = Debug|iPhoneSimulator
		{DF034532-3347-4CB7-8BB1-19DD098E7F0D}.Debug|x64.ActiveCfg = Debug|iPhoneSimulator
		{DF034532-3347-4CB7-8BB1-19DD098E7F0D}.Debug|x64.Build.0 = Debug|iPhoneSimulator
		{DF034532-3347-4CB7-8BB1-19DD098E7F0D}.Debug|x64.Deploy.0 = Debug|iPhoneSimulator
		{DF034532-3347-4CB7-8BB1-19DD098E7F0D}.Debug|x86.ActiveCfg = Debug|iPhoneSimulator
		{DF034532-3347-4CB7-8BB1-19DD098E7F0D}.Debug|x86.Build.0 = Debug|iPhoneSimulator
		{DF034532-3347-4CB7-8BB1-19DD098E7F0D}.Debug|x86.Deploy.0 = Debug|iPhoneSimulator
		{DF034532-3347-4CB7-8BB1-19DD098E7F0D}.Release|Any CPU.ActiveCfg = Release|iPhoneSimulator
		{DF034532-3347-4CB7-8BB1-19DD098E7F0D}.Release|Any CPU.Build.0 = Release|iPhoneSimulator
		{DF034532-3347-4CB7-8BB1-19DD098E7F0D}.Release|Any CPU.Deploy.0 = Release|iPhoneSimulator
		{DF034532-3347-4CB7-8BB1-19DD098E7F0D}.Release|ARM.ActiveCfg = Release|iPhoneSimulator
		{DF034532-3347-4CB7-8BB1-19DD098E7F0D}.Release|ARM.Build.0 = Release|iPhoneSimulator
		{DF034532-3347-4CB7-8BB1-19DD098E7F0D}.Release|ARM.Deploy.0 = Release|iPhoneSimulator
		{DF034532-3347-4CB7-8BB1-19DD098E7F0D}.Release|iPhone.ActiveCfg = Release|iPhone
		{DF034532-3347-4CB7-8BB1-19DD098E7F0D}.Release|iPhone.Build.0 = Release|iPhone
		{DF034532-3347-4CB7-8BB1-19DD098E7F0D}.Release|iPhone.Deploy.0 = Release|iPhone
		{DF034532-3347-4CB7-8BB1-19DD098E7F0D}.Release|iPhoneSimulator.ActiveCfg = Release|iPhoneSimulator
		{DF034532-3347-4CB7-8BB1-19DD098E7F0D}.Release|iPhoneSimulator.Build.0 = Release|iPhoneSimulator
		{DF034532-3347-4CB7-8BB1-19DD098E7F0D}.Release|iPhoneSimulator.Deploy.0 = Release|iPhoneSimulator
		{DF034532-3347-4CB7-8BB1-19DD098E7F0D}.Release|x64.ActiveCfg = Release|iPhoneSimulator
		{DF034532-3347-4CB7-8BB1-19DD098E7F0D}.Release|x64.Build.0 = Release|iPhoneSimulator
		{DF034532-3347-4CB7-8BB1-19DD098E7F0D}.Release|x64.Deploy.0 = Release|iPhoneSimulator
		{DF034532-3347-4CB7-8BB1-19DD098E7F0D}.Release|x86.ActiveCfg = Release|iPhoneSimulator
		{DF034532-3347-4CB7-8BB1-19DD098E7F0D}.Release|x86.Build.0 = Release|iPhoneSimulator
		{DF034532-3347-4CB7-8BB1-19DD098E7F0D}.Release|x86.Deploy.0 = Release|iPhoneSimulator
		{C973A05D-D14F-42DF-A0A1-A09023C74DC3}.Debug|Any CPU.ActiveCfg = Debug|Any CPU
		{C973A05D-D14F-42DF-A0A1-A09023C74DC3}.Debug|Any CPU.Build.0 = Debug|Any CPU
		{C973A05D-D14F-42DF-A0A1-A09023C74DC3}.Debug|Any CPU.Deploy.0 = Debug|Any CPU
		{C973A05D-D14F-42DF-A0A1-A09023C74DC3}.Debug|ARM.ActiveCfg = Debug|Any CPU
		{C973A05D-D14F-42DF-A0A1-A09023C74DC3}.Debug|ARM.Build.0 = Debug|Any CPU
		{C973A05D-D14F-42DF-A0A1-A09023C74DC3}.Debug|ARM.Deploy.0 = Debug|Any CPU
		{C973A05D-D14F-42DF-A0A1-A09023C74DC3}.Debug|iPhone.ActiveCfg = Debug|Any CPU
		{C973A05D-D14F-42DF-A0A1-A09023C74DC3}.Debug|iPhone.Build.0 = Debug|Any CPU
		{C973A05D-D14F-42DF-A0A1-A09023C74DC3}.Debug|iPhone.Deploy.0 = Debug|Any CPU
		{C973A05D-D14F-42DF-A0A1-A09023C74DC3}.Debug|iPhoneSimulator.ActiveCfg = Debug|Any CPU
		{C973A05D-D14F-42DF-A0A1-A09023C74DC3}.Debug|iPhoneSimulator.Build.0 = Debug|Any CPU
		{C973A05D-D14F-42DF-A0A1-A09023C74DC3}.Debug|iPhoneSimulator.Deploy.0 = Debug|Any CPU
		{C973A05D-D14F-42DF-A0A1-A09023C74DC3}.Debug|x64.ActiveCfg = Debug|Any CPU
		{C973A05D-D14F-42DF-A0A1-A09023C74DC3}.Debug|x64.Build.0 = Debug|Any CPU
		{C973A05D-D14F-42DF-A0A1-A09023C74DC3}.Debug|x64.Deploy.0 = Debug|Any CPU
		{C973A05D-D14F-42DF-A0A1-A09023C74DC3}.Debug|x86.ActiveCfg = Debug|Any CPU
		{C973A05D-D14F-42DF-A0A1-A09023C74DC3}.Debug|x86.Build.0 = Debug|Any CPU
		{C973A05D-D14F-42DF-A0A1-A09023C74DC3}.Debug|x86.Deploy.0 = Debug|Any CPU
		{C973A05D-D14F-42DF-A0A1-A09023C74DC3}.Release|Any CPU.ActiveCfg = Release|Any CPU
		{C973A05D-D14F-42DF-A0A1-A09023C74DC3}.Release|Any CPU.Build.0 = Release|Any CPU
		{C973A05D-D14F-42DF-A0A1-A09023C74DC3}.Release|Any CPU.Deploy.0 = Release|Any CPU
		{C973A05D-D14F-42DF-A0A1-A09023C74DC3}.Release|ARM.ActiveCfg = Release|Any CPU
		{C973A05D-D14F-42DF-A0A1-A09023C74DC3}.Release|ARM.Build.0 = Release|Any CPU
		{C973A05D-D14F-42DF-A0A1-A09023C74DC3}.Release|ARM.Deploy.0 = Release|Any CPU
		{C973A05D-D14F-42DF-A0A1-A09023C74DC3}.Release|iPhone.ActiveCfg = Release|Any CPU
		{C973A05D-D14F-42DF-A0A1-A09023C74DC3}.Release|iPhone.Build.0 = Release|Any CPU
		{C973A05D-D14F-42DF-A0A1-A09023C74DC3}.Release|iPhone.Deploy.0 = Release|Any CPU
		{C973A05D-D14F-42DF-A0A1-A09023C74DC3}.Release|iPhoneSimulator.ActiveCfg = Release|Any CPU
		{C973A05D-D14F-42DF-A0A1-A09023C74DC3}.Release|iPhoneSimulator.Build.0 = Release|Any CPU
		{C973A05D-D14F-42DF-A0A1-A09023C74DC3}.Release|iPhoneSimulator.Deploy.0 = Release|Any CPU
		{C973A05D-D14F-42DF-A0A1-A09023C74DC3}.Release|x64.ActiveCfg = Release|Any CPU
		{C973A05D-D14F-42DF-A0A1-A09023C74DC3}.Release|x64.Build.0 = Release|Any CPU
		{C973A05D-D14F-42DF-A0A1-A09023C74DC3}.Release|x64.Deploy.0 = Release|Any CPU
		{C973A05D-D14F-42DF-A0A1-A09023C74DC3}.Release|x86.ActiveCfg = Release|Any CPU
		{C973A05D-D14F-42DF-A0A1-A09023C74DC3}.Release|x86.Build.0 = Release|Any CPU
		{C973A05D-D14F-42DF-A0A1-A09023C74DC3}.Release|x86.Deploy.0 = Release|Any CPU
	EndGlobalSection
	GlobalSection(SolutionProperties) = preSolution
		HideSolutionNode = FALSE
	EndGlobalSection
	GlobalSection(ExtensibilityGlobals) = postSolution
		SolutionGuid = {1C18F408-802E-4A20-A858-185BE6DB6949}
	EndGlobalSection
EndGlobal
